// !$*UTF8*$!
{
	archiveVersion = 1;
	classes = {
	};
	objectVersion = 56;
	objects = {

/* Begin PBXBuildFile section */
		3E3E4F1B2CB186A9004CE9C1 /* AppDelegate.swift in Sources */ = {isa = PBXBuildFile; fileRef = 3E3E4F1A2CB186A9004CE9C1 /* AppDelegate.swift */; };
		3E3E4F1D2CB186A9004CE9C1 /* SceneDelegate.swift in Sources */ = {isa = PBXBuildFile; fileRef = 3E3E4F1C2CB186A9004CE9C1 /* SceneDelegate.swift */; };
		3E3E4F1F2CB186A9004CE9C1 /* ViewController.swift in Sources */ = {isa = PBXBuildFile; fileRef = 3E3E4F1E2CB186A9004CE9C1 /* ViewController.swift */; };
		3E3E4F222CB186A9004CE9C1 /* Base in Resources */ = {isa = PBXBuildFile; fileRef = 3E3E4F212CB186A9004CE9C1 /* Base */; };
		3E3E4F242CB186AC004CE9C1 /* Assets.xcassets in Resources */ = {isa = PBXBuildFile; fileRef = 3E3E4F232CB186AC004CE9C1 /* Assets.xcassets */; };
		3E3E4F272CB186AC004CE9C1 /* Base in Resources */ = {isa = PBXBuildFile; fileRef = 3E3E4F262CB186AC004CE9C1 /* Base */; };
		3E3E4F322CB186AD004CE9C1 /* CardWorkOutTests.swift in Sources */ = {isa = PBXBuildFile; fileRef = 3E3E4F312CB186AD004CE9C1 /* CardWorkOutTests.swift */; };
		3E3E4F3C2CB186AD004CE9C1 /* CardWorkOutUITests.swift in Sources */ = {isa = PBXBuildFile; fileRef = 3E3E4F3B2CB186AD004CE9C1 /* CardWorkOutUITests.swift */; };
		3E3E4F3E2CB186AD004CE9C1 /* CardWorkOutUITestsLaunchTests.swift in Sources */ = {isa = PBXBuildFile; fileRef = 3E3E4F3D2CB186AD004CE9C1 /* CardWorkOutUITestsLaunchTests.swift */; };
/* End PBXBuildFile section */

/* Begin PBXContainerItemProxy section */
		3E3E4F2E2CB186AD004CE9C1 /* PBXContainerItemProxy */ = {
			isa = PBXContainerItemProxy;
			containerPortal = 3E3E4F0F2CB186A9004CE9C1 /* Project object */;
			proxyType = 1;
			remoteGlobalIDString = 3E3E4F162CB186A9004CE9C1;
			remoteInfo = CardWorkOut;
		};
		3E3E4F382CB186AD004CE9C1 /* PBXContainerItemProxy */ = {
			isa = PBXContainerItemProxy;
			containerPortal = 3E3E4F0F2CB186A9004CE9C1 /* Project object */;
			proxyType = 1;
			remoteGlobalIDString = 3E3E4F162CB186A9004CE9C1;
			remoteInfo = CardWorkOut;
		};
/* End PBXContainerItemProxy section */

/* Begin PBXFileReference section */
		3E3E4F172CB186A9004CE9C1 /* CardWorkOut.app */ = {isa = PBXFileReference; explicitFileType = wrapper.application; includeInIndex = 0; path = CardWorkOut.app; sourceTree = BUILT_PRODUCTS_DIR; };
		3E3E4F1A2CB186A9004CE9C1 /* AppDelegate.swift */ = {isa = PBXFileReference; lastKnownFileType = sourcecode.swift; path = AppDelegate.swift; sourceTree = "<group>"; };
		3E3E4F1C2CB186A9004CE9C1 /* SceneDelegate.swift */ = {isa = PBXFileReference; lastKnownFileType = sourcecode.swift; path = SceneDelegate.swift; sourceTree = "<group>"; };
		3E3E4F1E2CB186A9004CE9C1 /* ViewController.swift */ = {isa = PBXFileReference; lastKnownFileType = sourcecode.swift; path = ViewController.swift; sourceTree = "<group>"; };
		3E3E4F212CB186A9004CE9C1 /* Base */ = {isa = PBXFileReference; lastKnownFileType = file.storyboard; name = Base; path = Base.lproj/Main.storyboard; sourceTree = "<group>"; };
		3E3E4F232CB186AC004CE9C1 /* Assets.xcassets */ = {isa = PBXFileReference; lastKnownFileType = folder.assetcatalog; path = Assets.xcassets; sourceTree = "<group>"; };
		3E3E4F262CB186AC004CE9C1 /* Base */ = {isa = PBXFileReference; lastKnownFileType = file.storyboard; name = Base; path = Base.lproj/LaunchScreen.storyboard; sourceTree = "<group>"; };
		3E3E4F282CB186AC004CE9C1 /* Info.plist */ = {isa = PBXFileReference; lastKnownFileType = text.plist.xml; path = Info.plist; sourceTree = "<group>"; };
		3E3E4F2D2CB186AD004CE9C1 /* CardWorkOutTests.xctest */ = {isa = PBXFileReference; explicitFileType = wrapper.cfbundle; includeInIndex = 0; path = CardWorkOutTests.xctest; sourceTree = BUILT_PRODUCTS_DIR; };
		3E3E4F312CB186AD004CE9C1 /* CardWorkOutTests.swift */ = {isa = PBXFileReference; lastKnownFileType = sourcecode.swift; path = CardWorkOutTests.swift; sourceTree = "<group>"; };
		3E3E4F372CB186AD004CE9C1 /* CardWorkOutUITests.xctest */ = {isa = PBXFileReference; explicitFileType = wrapper.cfbundle; includeInIndex = 0; path = CardWorkOutUITests.xctest; sourceTree = BUILT_PRODUCTS_DIR; };
		3E3E4F3B2CB186AD004CE9C1 /* CardWorkOutUITests.swift */ = {isa = PBXFileReference; lastKnownFileType = sourcecode.swift; path = CardWorkOutUITests.swift; sourceTree = "<group>"; };
		3E3E4F3D2CB186AD004CE9C1 /* CardWorkOutUITestsLaunchTests.swift */ = {isa = PBXFileReference; lastKnownFileType = sourcecode.swift; path = CardWorkOutUITestsLaunchTests.swift; sourceTree = "<group>"; };
/* End PBXFileReference section */

/* Begin PBXFrameworksBuildPhase section */
		3E3E4F142CB186A9004CE9C1 /* Frameworks */ = {
			isa = PBXFrameworksBuildPhase;
			buildActionMask = 2147483647;
			files = (
			);
			runOnlyForDeploymentPostprocessing = 0;
		};
		3E3E4F2A2CB186AD004CE9C1 /* Frameworks */ = {
			isa = PBXFrameworksBuildPhase;
			buildActionMask = 2147483647;
			files = (
			);
			runOnlyForDeploymentPostprocessing = 0;
		};
		3E3E4F342CB186AD004CE9C1 /* Frameworks */ = {
			isa = PBXFrameworksBuildPhase;
			buildActionMask = 2147483647;
			files = (
			);
			runOnlyForDeploymentPostprocessing = 0;
		};
/* End PBXFrameworksBuildPhase section */

/* Begin PBXGroup section */
		3E3E4F0E2CB186A9004CE9C1 = {
			isa = PBXGroup;
			children = (
				3E3E4F192CB186A9004CE9C1 /* CardWorkOut */,
				3E3E4F302CB186AD004CE9C1 /* CardWorkOutTests */,
				3E3E4F3A2CB186AD004CE9C1 /* CardWorkOutUITests */,
				3E3E4F182CB186A9004CE9C1 /* Products */,
			);
			sourceTree = "<group>";
		};
		3E3E4F182CB186A9004CE9C1 /* Products */ = {
			isa = PBXGroup;
			children = (
				3E3E4F172CB186A9004CE9C1 /* CardWorkOut.app */,
				3E3E4F2D2CB186AD004CE9C1 /* CardWorkOutTests.xctest */,
				3E3E4F372CB186AD004CE9C1 /* CardWorkOutUITests.xctest */,
			);
			name = Products;
			sourceTree = "<group>";
		};
		3E3E4F192CB186A9004CE9C1 /* CardWorkOut */ = {
			isa = PBXGroup;
			children = (
				3E3E4F1A2CB186A9004CE9C1 /* AppDelegate.swift */,
				3E3E4F1C2CB186A9004CE9C1 /* SceneDelegate.swift */,
				3E3E4F1E2CB186A9004CE9C1 /* ViewController.swift */,
				3E3E4F202CB186A9004CE9C1 /* Main.storyboard */,
				3E3E4F232CB186AC004CE9C1 /* Assets.xcassets */,
				3E3E4F252CB186AC004CE9C1 /* LaunchScreen.storyboard */,
				3E3E4F282CB186AC004CE9C1 /* Info.plist */,
			);
			path = CardWorkOut;
			sourceTree = "<group>";
		};
		3E3E4F302CB186AD004CE9C1 /* CardWorkOutTests */ = {
			isa = PBXGroup;
			children = (
				3E3E4F312CB186AD004CE9C1 /* CardWorkOutTests.swift */,
			);
			path = CardWorkOutTests;
			sourceTree = "<group>";
		};
		3E3E4F3A2CB186AD004CE9C1 /* CardWorkOutUITests */ = {
			isa = PBXGroup;
			children = (
				3E3E4F3B2CB186AD004CE9C1 /* CardWorkOutUITests.swift */,
				3E3E4F3D2CB186AD004CE9C1 /* CardWorkOutUITestsLaunchTests.swift */,
			);
			path = CardWorkOutUITests;
			sourceTree = "<group>";
		};
/* End PBXGroup section */

/* Begin PBXNativeTarget section */
		3E3E4F162CB186A9004CE9C1 /* CardWorkOut */ = {
			isa = PBXNativeTarget;
			buildConfigurationList = 3E3E4F412CB186AD004CE9C1 /* Build configuration list for PBXNativeTarget "CardWorkOut" */;
			buildPhases = (
				3E3E4F132CB186A9004CE9C1 /* Sources */,
				3E3E4F142CB186A9004CE9C1 /* Frameworks */,
				3E3E4F152CB186A9004CE9C1 /* Resources */,
			);
			buildRules = (
			);
			dependencies = (
			);
			name = CardWorkOut;
			productName = CardWorkOut;
			productReference = 3E3E4F172CB186A9004CE9C1 /* CardWorkOut.app */;
			productType = "com.apple.product-type.application";
		};
		3E3E4F2C2CB186AD004CE9C1 /* CardWorkOutTests */ = {
			isa = PBXNativeTarget;
			buildConfigurationList = 3E3E4F442CB186AD004CE9C1 /* Build configuration list for PBXNativeTarget "CardWorkOutTests" */;
			buildPhases = (
				3E3E4F292CB186AD004CE9C1 /* Sources */,
				3E3E4F2A2CB186AD004CE9C1 /* Frameworks */,
				3E3E4F2B2CB186AD004CE9C1 /* Resources */,
			);
			buildRules = (
			);
			dependencies = (
				3E3E4F2F2CB186AD004CE9C1 /* PBXTargetDependency */,
			);
			name = CardWorkOutTests;
			productName = CardWorkOutTests;
			productReference = 3E3E4F2D2CB186AD004CE9C1 /* CardWorkOutTests.xctest */;
			productType = "com.apple.product-type.bundle.unit-test";
		};
		3E3E4F362CB186AD004CE9C1 /* CardWorkOutUITests */ = {
			isa = PBXNativeTarget;
			buildConfigurationList = 3E3E4F472CB186AD004CE9C1 /* Build configuration list for PBXNativeTarget "CardWorkOutUITests" */;
			buildPhases = (
				3E3E4F332CB186AD004CE9C1 /* Sources */,
				3E3E4F342CB186AD004CE9C1 /* Frameworks */,
				3E3E4F352CB186AD004CE9C1 /* Resources */,
			);
			buildRules = (
			);
			dependencies = (
				3E3E4F392CB186AD004CE9C1 /* PBXTargetDependency */,
			);
			name = CardWorkOutUITests;
			productName = CardWorkOutUITests;
			productReference = 3E3E4F372CB186AD004CE9C1 /* CardWorkOutUITests.xctest */;
			productType = "com.apple.product-type.bundle.ui-testing";
		};
/* End PBXNativeTarget section */

/* Begin PBXProject section */
		3E3E4F0F2CB186A9004CE9C1 /* Project object */ = {
			isa = PBXProject;
			attributes = {
				BuildIndependentTargetsInParallel = 1;
				LastSwiftUpdateCheck = 1540;
				LastUpgradeCheck = 1540;
				TargetAttributes = {
					3E3E4F162CB186A9004CE9C1 = {
						CreatedOnToolsVersion = 15.4;
					};
					3E3E4F2C2CB186AD004CE9C1 = {
						CreatedOnToolsVersion = 15.4;
						TestTargetID = 3E3E4F162CB186A9004CE9C1;
					};
					3E3E4F362CB186AD004CE9C1 = {
						CreatedOnToolsVersion = 15.4;
						TestTargetID = 3E3E4F162CB186A9004CE9C1;
					};
				};
			};
			buildConfigurationList = 3E3E4F122CB186A9004CE9C1 /* Build configuration list for PBXProject "CardWorkOut" */;
			compatibilityVersion = "Xcode 14.0";
			developmentRegion = en;
			hasScannedForEncodings = 0;
			knownRegions = (
				en,
				Base,
			);
			mainGroup = 3E3E4F0E2CB186A9004CE9C1;
			productRefGroup = 3E3E4F182CB186A9004CE9C1 /* Products */;
			projectDirPath = "";
			projectRoot = "";
			targets = (
				3E3E4F162CB186A9004CE9C1 /* CardWorkOut */,
				3E3E4F2C2CB186AD004CE9C1 /* CardWorkOutTests */,
				3E3E4F362CB186AD004CE9C1 /* CardWorkOutUITests */,
			);
		};
/* End PBXProject section */

/* Begin PBXResourcesBuildPhase section */
		3E3E4F152CB186A9004CE9C1 /* Resources */ = {
			isa = PBXResourcesBuildPhase;
			buildActionMask = 2147483647;
			files = (
				3E3E4F242CB186AC004CE9C1 /* Assets.xcassets in Resources */,
				3E3E4F272CB186AC004CE9C1 /* Base in Resources */,
				3E3E4F222CB186A9004CE9C1 /* Base in Resources */,
			);
			runOnlyForDeploymentPostprocessing = 0;
		};
		3E3E4F2B2CB186AD004CE9C1 /* Resources */ = {
			isa = PBXResourcesBuildPhase;
			buildActionMask = 2147483647;
			files = (
			);
			runOnlyForDeploymentPostprocessing = 0;
		};
		3E3E4F352CB186AD004CE9C1 /* Resources */ = {
			isa = PBXResourcesBuildPhase;
			buildActionMask = 2147483647;
			files = (
			);
			runOnlyForDeploymentPostprocessing = 0;
		};
/* End PBXResourcesBuildPhase section */

/* Begin PBXSourcesBuildPhase section */
		3E3E4F132CB186A9004CE9C1 /* Sources */ = {
			isa = PBXSourcesBuildPhase;
			buildActionMask = 2147483647;
			files = (
				3E3E4F1F2CB186A9004CE9C1 /* ViewController.swift in Sources */,
				3E3E4F1B2CB186A9004CE9C1 /* AppDelegate.swift in Sources */,
				3E3E4F1D2CB186A9004CE9C1 /* SceneDelegate.swift in Sources */,
			);
			runOnlyForDeploymentPostprocessing = 0;
		};
		3E3E4F292CB186AD004CE9C1 /* Sources */ = {
			isa = PBXSourcesBuildPhase;
			buildActionMask = 2147483647;
			files = (
				3E3E4F322CB186AD004CE9C1 /* CardWorkOutTests.swift in Sources */,
			);
			runOnlyForDeploymentPostprocessing = 0;
		};
		3E3E4F332CB186AD004CE9C1 /* Sources */ = {
			isa = PBXSourcesBuildPhase;
			buildActionMask = 2147483647;
			files = (
				3E3E4F3E2CB186AD004CE9C1 /* CardWorkOutUITestsLaunchTests.swift in Sources */,
				3E3E4F3C2CB186AD004CE9C1 /* CardWorkOutUITests.swift in Sources */,
			);
			runOnlyForDeploymentPostprocessing = 0;
		};
/* End PBXSourcesBuildPhase section */

/* Begin PBXTargetDependency section */
		3E3E4F2F2CB186AD004CE9C1 /* PBXTargetDependency */ = {
			isa = PBXTargetDependency;
			target = 3E3E4F162CB186A9004CE9C1 /* CardWorkOut */;
			targetProxy = 3E3E4F2E2CB186AD004CE9C1 /* PBXContainerItemProxy */;
		};
		3E3E4F392CB186AD004CE9C1 /* PBXTargetDependency */ = {
			isa = PBXTargetDependency;
			target = 3E3E4F162CB186A9004CE9C1 /* CardWorkOut */;
			targetProxy = 3E3E4F382CB186AD004CE9C1 /* PBXContainerItemProxy */;
		};
/* End PBXTargetDependency section */

/* Begin PBXVariantGroup section */
		3E3E4F202CB186A9004CE9C1 /* Main.storyboard */ = {
			isa = PBXVariantGroup;
			children = (
				3E3E4F212CB186A9004CE9C1 /* Base */,
			);
			name = Main.storyboard;
			sourceTree = "<group>";
		};
		3E3E4F252CB186AC004CE9C1 /* LaunchScreen.storyboard */ = {
			isa = PBXVariantGroup;
			children = (
				3E3E4F262CB186AC004CE9C1 /* Base */,
			);
			name = LaunchScreen.storyboard;
			sourceTree = "<group>";
		};
/* End PBXVariantGroup section */

/* Begin XCBuildConfiguration section */
		3E3E4F3F2CB186AD004CE9C1 /* Debug */ = {
			isa = XCBuildConfiguration;
			buildSettings = {
				ALWAYS_SEARCH_USER_PATHS = NO;
				ASSETCATALOG_COMPILER_GENERATE_SWIFT_ASSET_SYMBOL_EXTENSIONS = YES;
				CLANG_ANALYZER_NONNULL = YES;
				CLANG_ANALYZER_NUMBER_OBJECT_CONVERSION = YES_AGGRESSIVE;
				CLANG_CXX_LANGUAGE_STANDARD = "gnu++20";
				CLANG_ENABLE_MODULES = YES;
				CLANG_ENABLE_OBJC_ARC = YES;
				CLANG_ENABLE_OBJC_WEAK = YES;
				CLANG_WARN_BLOCK_CAPTURE_AUTORELEASING = YES;
				CLANG_WARN_BOOL_CONVERSION = YES;
				CLANG_WARN_COMMA = YES;
				CLANG_WARN_CONSTANT_CONVERSION = YES;
				CLANG_WARN_DEPRECATED_OBJC_IMPLEMENTATIONS = YES;
				CLANG_WARN_DIRECT_OBJC_ISA_USAGE = YES_ERROR;
				CLANG_WARN_DOCUMENTATION_COMMENTS = YES;
				CLANG_WARN_EMPTY_BODY = YES;
				CLANG_WARN_ENUM_CONVERSION = YES;
				CLANG_WARN_INFINITE_RECURSION = YES;
				CLANG_WARN_INT_CONVERSION = YES;
				CLANG_WARN_NON_LITERAL_NULL_CONVERSION = YES;
				CLANG_WARN_OBJC_IMPLICIT_RETAIN_SELF = YES;
				CLANG_WARN_OBJC_LITERAL_CONVERSION = YES;
				CLANG_WARN_OBJC_ROOT_CLASS = YES_ERROR;
				CLANG_WARN_QUOTED_INCLUDE_IN_FRAMEWORK_HEADER = YES;
				CLANG_WARN_RANGE_LOOP_ANALYSIS = YES;
				CLANG_WARN_STRICT_PROTOTYPES = YES;
				CLANG_WARN_SUSPICIOUS_MOVE = YES;
				CLANG_WARN_UNGUARDED_AVAILABILITY = YES_AGGRESSIVE;
				CLANG_WARN_UNREACHABLE_CODE = YES;
				CLANG_WARN__DUPLICATE_METHOD_MATCH = YES;
				COPY_PHASE_STRIP = NO;
				DEBUG_INFORMATION_FORMAT = dwarf;
				ENABLE_STRICT_OBJC_MSGSEND = YES;
				ENABLE_TESTABILITY = YES;
				ENABLE_USER_SCRIPT_SANDBOXING = YES;
				GCC_C_LANGUAGE_STANDARD = gnu17;
				GCC_DYNAMIC_NO_PIC = NO;
				GCC_NO_COMMON_BLOCKS = YES;
				GCC_OPTIMIZATION_LEVEL = 0;
				GCC_PREPROCESSOR_DEFINITIONS = (
					"DEBUG=1",
					"$(inherited)",
				);
				GCC_WARN_64_TO_32_BIT_CONVERSION = YES;
				GCC_WARN_ABOUT_RETURN_TYPE = YES_ERROR;
				GCC_WARN_UNDECLARED_SELECTOR = YES;
				GCC_WARN_UNINITIALIZED_AUTOS = YES_AGGRESSIVE;
				GCC_WARN_UNUSED_FUNCTION = YES;
				GCC_WARN_UNUSED_VARIABLE = YES;
				IPHONEOS_DEPLOYMENT_TARGET = 17.5;
				LOCALIZATION_PREFERS_STRING_CATALOGS = YES;
				MTL_ENABLE_DEBUG_INFO = INCLUDE_SOURCE;
				MTL_FAST_MATH = YES;
				ONLY_ACTIVE_ARCH = YES;
				SDKROOT = iphoneos;
				SWIFT_ACTIVE_COMPILATION_CONDITIONS = "DEBUG $(inherited)";
				SWIFT_OPTIMIZATION_LEVEL = "-Onone";
			};
			name = Debug;
		};
		3E3E4F402CB186AD004CE9C1 /* Release */ = {
			isa = XCBuildConfiguration;
			buildSettings = {
				ALWAYS_SEARCH_USER_PATHS = NO;
				ASSETCATALOG_COMPILER_GENERATE_SWIFT_ASSET_SYMBOL_EXTENSIONS = YES;
				CLANG_ANALYZER_NONNULL = YES;
				CLANG_ANALYZER_NUMBER_OBJECT_CONVERSION = YES_AGGRESSIVE;
				CLANG_CXX_LANGUAGE_STANDARD = "gnu++20";
				CLANG_ENABLE_MODULES = YES;
				CLANG_ENABLE_OBJC_ARC = YES;
				CLANG_ENABLE_OBJC_WEAK = YES;
				CLANG_WARN_BLOCK_CAPTURE_AUTORELEASING = YES;
				CLANG_WARN_BOOL_CONVERSION = YES;
				CLANG_WARN_COMMA = YES;
				CLANG_WARN_CONSTANT_CONVERSION = YES;
				CLANG_WARN_DEPRECATED_OBJC_IMPLEMENTATIONS = YES;
				CLANG_WARN_DIRECT_OBJC_ISA_USAGE = YES_ERROR;
				CLANG_WARN_DOCUMENTATION_COMMENTS = YES;
				CLANG_WARN_EMPTY_BODY = YES;
				CLANG_WARN_ENUM_CONVERSION = YES;
				CLANG_WARN_INFINITE_RECURSION = YES;
				CLANG_WARN_INT_CONVERSION = YES;
				CLANG_WARN_NON_LITERAL_NULL_CONVERSION = YES;
				CLANG_WARN_OBJC_IMPLICIT_RETAIN_SELF = YES;
				CLANG_WARN_OBJC_LITERAL_CONVERSION = YES;
				CLANG_WARN_OBJC_ROOT_CLASS = YES_ERROR;
				CLANG_WARN_QUOTED_INCLUDE_IN_FRAMEWORK_HEADER = YES;
				CLANG_WARN_RANGE_LOOP_ANALYSIS = YES;
				CLANG_WARN_STRICT_PROTOTYPES = YES;
				CLANG_WARN_SUSPICIOUS_MOVE = YES;
				CLANG_WARN_UNGUARDED_AVAILABILITY = YES_AGGRESSIVE;
				CLANG_WARN_UNREACHABLE_CODE = YES;
				CLANG_WARN__DUPLICATE_METHOD_MATCH = YES;
				COPY_PHASE_STRIP = NO;
				DEBUG_INFORMATION_FORMAT = "dwarf-with-dsym";
				ENABLE_NS_ASSERTIONS = NO;
				ENABLE_STRICT_OBJC_MSGSEND = YES;
				ENABLE_USER_SCRIPT_SANDBOXING = YES;
				GCC_C_LANGUAGE_STANDARD = gnu17;
				GCC_NO_COMMON_BLOCKS = YES;
				GCC_WARN_64_TO_32_BIT_CONVERSION = YES;
				GCC_WARN_ABOUT_RETURN_TYPE = YES_ERROR;
				GCC_WARN_UNDECLARED_SELECTOR = YES;
				GCC_WARN_UNINITIALIZED_AUTOS = YES_AGGRESSIVE;
				GCC_WARN_UNUSED_FUNCTION = YES;
				GCC_WARN_UNUSED_VARIABLE = YES;
				IPHONEOS_DEPLOYMENT_TARGET = 17.5;
				LOCALIZATION_PREFERS_STRING_CATALOGS = YES;
				MTL_ENABLE_DEBUG_INFO = NO;
				MTL_FAST_MATH = YES;
				SDKROOT = iphoneos;
				SWIFT_COMPILATION_MODE = wholemodule;
				VALIDATE_PRODUCT = YES;
			};
			name = Release;
		};
		3E3E4F422CB186AD004CE9C1 /* Debug */ = {
			isa = XCBuildConfiguration;
			buildSettings = {
				ASSETCATALOG_COMPILER_APPICON_NAME = AppIcon;
				ASSETCATALOG_COMPILER_GLOBAL_ACCENT_COLOR_NAME = AccentColor;
				CODE_SIGN_STYLE = Automatic;
				CURRENT_PROJECT_VERSION = 1;
				GENERATE_INFOPLIST_FILE = YES;
				INFOPLIST_FILE = CardWorkOut/Info.plist;
				INFOPLIST_KEY_UIApplicationSupportsIndirectInputEvents = YES;
				INFOPLIST_KEY_UILaunchStoryboardName = LaunchScreen;
				INFOPLIST_KEY_UIMainStoryboardFile = Main;
				INFOPLIST_KEY_UISupportedInterfaceOrientations_iPad = "UIInterfaceOrientationPortrait UIInterfaceOrientationPortraitUpsideDown UIInterfaceOrientationLandscapeLeft UIInterfaceOrientationLandscapeRight";
				INFOPLIST_KEY_UISupportedInterfaceOrientations_iPhone = "UIInterfaceOrientationPortrait UIInterfaceOrientationLandscapeLeft UIInterfaceOrientationLandscapeRight";
				LD_RUNPATH_SEARCH_PATHS = (
					"$(inherited)",
					"@executable_path/Frameworks",
				);
				MARKETING_VERSION = 1.0;
				PRODUCT_BUNDLE_IDENTIFIER = puresquare.CardWorkOut;
				PRODUCT_NAME = "$(TARGET_NAME)";
				SWIFT_EMIT_LOC_STRINGS = YES;
				SWIFT_VERSION = 5.0;
				TARGETED_DEVICE_FAMILY = "1,2";
			};
			name = Debug;
		};
		3E3E4F432CB186AD004CE9C1 /* Release */ = {
			isa = XCBuildConfiguration;
			buildSettings = {
				ASSETCATALOG_COMPILER_APPICON_NAME = AppIcon;
				ASSETCATALOG_COMPILER_GLOBAL_ACCENT_COLOR_NAME = AccentColor;
				CODE_SIGN_STYLE = Automatic;
				CURRENT_PROJECT_VERSION = 1;
				GENERATE_INFOPLIST_FILE = YES;
				INFOPLIST_FILE = CardWorkOut/Info.plist;
				INFOPLIST_KEY_UIApplicationSupportsIndirectInputEvents = YES;
				INFOPLIST_KEY_UILaunchStoryboardName = LaunchScreen;
				INFOPLIST_KEY_UIMainStoryboardFile = Main;
				INFOPLIST_KEY_UISupportedInterfaceOrientations_iPad = "UIInterfaceOrientationPortrait UIInterfaceOrientationPortraitUpsideDown UIInterfaceOrientationLandscapeLeft UIInterfaceOrientationLandscapeRight";
				INFOPLIST_KEY_UISupportedInterfaceOrientations_iPhone = "UIInterfaceOrientationPortrait UIInterfaceOrientationLandscapeLeft UIInterfaceOrientationLandscapeRight";
				LD_RUNPATH_SEARCH_PATHS = (
					"$(inherited)",
					"@executable_path/Frameworks",
				);
				MARKETING_VERSION = 1.0;
				PRODUCT_BUNDLE_IDENTIFIER = puresquare.CardWorkOut;
				PRODUCT_NAME = "$(TARGET_NAME)";
				SWIFT_EMIT_LOC_STRINGS = YES;
				SWIFT_VERSION = 5.0;
				TARGETED_DEVICE_FAMILY = "1,2";
			};
			name = Release;
		};
		3E3E4F452CB186AD004CE9C1 /* Debug */ = {
			isa = XCBuildConfiguration;
			buildSettings = {
				ALWAYS_EMBED_SWIFT_STANDARD_LIBRARIES = YES;
				BUNDLE_LOADER = "$(TEST_HOST)";
				CODE_SIGN_STYLE = Automatic;
				CURRENT_PROJECT_VERSION = 1;
				GENERATE_INFOPLIST_FILE = YES;
				IPHONEOS_DEPLOYMENT_TARGET = 17.5;
				MARKETING_VERSION = 1.0;
				PRODUCT_BUNDLE_IDENTIFIER = puresquare.CardWorkOutTests;
				PRODUCT_NAME = "$(TARGET_NAME)";
				SWIFT_EMIT_LOC_STRINGS = NO;
				SWIFT_VERSION = 5.0;
				TARGETED_DEVICE_FAMILY = "1,2";
				TEST_HOST = "$(BUILT_PRODUCTS_DIR)/CardWorkOut.app/$(BUNDLE_EXECUTABLE_FOLDER_PATH)/CardWorkOut";
			};
			name = Debug;
		};
		3E3E4F462CB186AD004CE9C1 /* Release */ = {
			isa = XCBuildConfiguration;
			buildSettings = {
				ALWAYS_EMBED_SWIFT_STANDARD_LIBRARIES = YES;
				BUNDLE_LOADER = "$(TEST_HOST)";
				CODE_SIGN_STYLE = Automatic;
				CURRENT_PROJECT_VERSION = 1;
				GENERATE_INFOPLIST_FILE = YES;
				IPHONEOS_DEPLOYMENT_TARGET = 17.5;
				MARKETING_VERSION = 1.0;
				PRODUCT_BUNDLE_IDENTIFIER = puresquare.CardWorkOutTests;
				PRODUCT_NAME = "$(TARGET_NAME)";
				SWIFT_EMIT_LOC_STRINGS = NO;
				SWIFT_VERSION = 5.0;
				TARGETED_DEVICE_FAMILY = "1,2";
				TEST_HOST = "$(BUILT_PRODUCTS_DIR)/CardWorkOut.app/$(BUNDLE_EXECUTABLE_FOLDER_PATH)/CardWorkOut";
			};
			name = Release;
		};
		3E3E4F482CB186AD004CE9C1 /* Debug */ = {
			isa = XCBuildConfiguration;
			buildSettings = {
				ALWAYS_EMBED_SWIFT_STANDARD_LIBRARIES = YES;
				CODE_SIGN_STYLE = Automatic;
				CURRENT_PROJECT_VERSION = 1;
				GENERATE_INFOPLIST_FILE = YES;
				MARKETING_VERSION = 1.0;
				PRODUCT_BUNDLE_IDENTIFIER = puresquare.CardWorkOutUITests;
				PRODUCT_NAME = "$(TARGET_NAME)";
				SWIFT_EMIT_LOC_STRINGS = NO;
				SWIFT_VERSION = 5.0;
				TARGETED_DEVICE_FAMILY = "1,2";
				TEST_TARGET_NAME = CardWorkOut;
			};
			name = Debug;
		};
		3E3E4F492CB186AD004CE9C1 /* Release */ = {
			isa = XCBuildConfiguration;
			buildSettings = {
				ALWAYS_EMBED_SWIFT_STANDARD_LIBRARIES = YES;
				CODE_SIGN_STYLE = Automatic;
				CURRENT_PROJECT_VERSION = 1;
				GENERATE_INFOPLIST_FILE = YES;
				MARKETING_VERSION = 1.0;
				PRODUCT_BUNDLE_IDENTIFIER = puresquare.CardWorkOutUITests;
				PRODUCT_NAME = "$(TARGET_NAME)";
				SWIFT_EMIT_LOC_STRINGS = NO;
				SWIFT_VERSION = 5.0;
				TARGETED_DEVICE_FAMILY = "1,2";
				TEST_TARGET_NAME = CardWorkOut;
			};
			name = Release;
		};
/* End XCBuildConfiguration section */

/* Begin XCConfigurationList section */
		3E3E4F122CB186A9004CE9C1 /* Build configuration list for PBXProject "CardWorkOut" */ = {
			isa = XCConfigurationList;
			buildConfigurations = (
				3E3E4F3F2CB186AD004CE9C1 /* Debug */,
				3E3E4F402CB186AD004CE9C1 /* Release */,
			);
			defaultConfigurationIsVisible = 0;
			defaultConfigurationName = Release;
		};
		3E3E4F412CB186AD004CE9C1 /* Build configuration list for PBXNativeTarget "CardWorkOut" */ = {
			isa = XCConfigurationList;
			buildConfigurations = (
				3E3E4F422CB186AD004CE9C1 /* Debug */,
				3E3E4F432CB186AD004CE9C1 /* Release */,
			);
			defaultConfigurationIsVisible = 0;
			defaultConfigurationName = Release;
		};
		3E3E4F442CB186AD004CE9C1 /* Build configuration list for PBXNativeTarget "CardWorkOutTests" */ = {
			isa = XCConfigurationList;
			buildConfigurations = (
				3E3E4F452CB186AD004CE9C1 /* Debug */,
				3E3E4F462CB186AD004CE9C1 /* Release */,
			);
			defaultConfigurationIsVisible = 0;
			defaultConfigurationName = Release;
		};
		3E3E4F472CB186AD004CE9C1 /* Build configuration list for PBXNativeTarget "CardWorkOutUITests" */ = {
			isa = XCConfigurationList;
			buildConfigurations = (
				3E3E4F482CB186AD004CE9C1 /* Debug */,
				3E3E4F492CB186AD004CE9C1 /* Release */,
			);
			defaultConfigurationIsVisible = 0;
			defaultConfigurationName = Release;
		};
/* End XCConfigurationList section */
	};
	rootObject = 3E3E4F0F2CB186A9004CE9C1 /* Project object */;
}
